
Microsoft Visual Studio Solution File, Format Version 12.00
# Visual Studio Version 17
VisualStudioVersion = 17.11.35222.181
MinimumVisualStudioVersion = 10.0.40219.1
Project("{FAE04EC0-301F-11D3-BF4B-00C04F79EFBC}") = "UngDungQuanLyCuaHangTrangSuc", "UngDungQuanLyCuaHangTrangSuc\UngDungQuanLyCuaHangTrangSuc.csproj", "{EA450C0E-08F3-48F0-B099-02B9A8395A64}"
EndProject
Global
	GlobalSection(SolutionConfigurationPlatforms) = preSolution
		Debug|Any CPU = Debug|Any CPU
		Release|Any CPU = Release|Any CPU
	EndGlobalSection
	GlobalSection(ProjectConfigurationPlatforms) = postSolution
		{EA450C0E-08F3-48F0-B099-02B9A8395A64}.Debug|Any CPU.ActiveCfg = Debug|Any CPU
		{EA450C0E-08F3-48F0-B099-02B9A8395A64}.Debug|Any CPU.Build.0 = Debug|Any CPU
		{EA450C0E-08F3-48F0-B099-02B9A8395A64}.Release|Any CPU.ActiveCfg = Release|Any CPU
		{EA450C0E-08F3-48F0-B099-02B9A8395A64}.Release|Any CPU.Build.0 = Release|Any CPU
	EndGlobalSection
	GlobalSection(SolutionProperties) = preSolution
		HideSolutionNode = FALSE
	EndGlobalSection
	GlobalSection(ExtensibilityGlobals) = postSolution
		SolutionGuid = {221F20B1-2773-4F00-A107-BB0B370ACD9C}
	EndGlobalSection
EndGlobal
